
Microsoft Visual Studio Solution File, Format Version 12.00
# Visual Studio 15
VisualStudioVersion = 15.0.26730.16
MinimumVisualStudioVersion = 10.0.40219.1
Project("{FAE04EC0-301F-11D3-BF4B-00C04F79EFBC}") = "Vich_Mat_laba_1", "Vich_Mat_laba_1\Vich_Mat_laba_1.csproj", "{584DC991-0593-4382-825C-D537BD53BB88}"
EndProject
Global
	GlobalSection(SolutionConfigurationPlatforms) = preSolution
		Debug|Any CPU = Debug|Any CPU
		Release|Any CPU = Release|Any CPU
	EndGlobalSection
	GlobalSection(ProjectConfigurationPlatforms) = postSolution
		{584DC991-0593-4382-825C-D537BD53BB88}.Debug|Any CPU.ActiveCfg = Debug|Any CPU
		{584DC991-0593-4382-825C-D537BD53BB88}.Debug|Any CPU.Build.0 = Debug|Any CPU
		{584DC991-0593-4382-825C-D537BD53BB88}.Release|Any CPU.ActiveCfg = Release|Any CPU
		{584DC991-0593-4382-825C-D537BD53BB88}.Release|Any CPU.Build.0 = Release|Any CPU
	EndGlobalSection
	GlobalSection(SolutionProperties) = preSolution
		HideSolutionNode = FALSE
	EndGlobalSection
	GlobalSection(ExtensibilityGlobals) = postSolution
		SolutionGuid = {FA2060EC-5A14-421A-B709-7CA446F6F4FF}
	EndGlobalSection
EndGlobal
